Microsoft Visual Studio Solution File, Format Version 11.00
# Visual Studio 2008

Project("{F45E0F39-DC4A-BECA-A870-0253803B47E2}") = "Bokusatu", "Assembly-CSharp.csproj", "{6A8AC204-20B9-259F-CD1C-ED7B324C6985}"
EndProject
Global
	GlobalSection(SolutionConfigurationPlatforms) = preSolution
		Debug|Any CPU = Debug|Any CPU
		Release|Any CPU = Release|Any CPU
	EndGlobalSection
	GlobalSection(ProjectConfigurationPlatforms) = postSolution
		{6A8AC204-20B9-259F-CD1C-ED7B324C6985}.Debug|Any CPU.ActiveCfg = Debug|Any CPU
		{6A8AC204-20B9-259F-CD1C-ED7B324C6985}.Debug|Any CPU.Build.0 = Debug|Any CPU
		{6A8AC204-20B9-259F-CD1C-ED7B324C6985}.Release|Any CPU.ActiveCfg = Release|Any CPU
		{6A8AC204-20B9-259F-CD1C-ED7B324C6985}.Release|Any CPU.Build.0 = Release|Any CPU
	EndGlobalSection
	GlobalSection(SolutionProperties) = preSolution
		HideSolutionNode = FALSE
	EndGlobalSection
	GlobalSection(MonoDevelopProperties) = preSolution
		StartupItem = Assembly-CSharp.csproj
	EndGlobalSection
EndGlobal
